
Microsoft Visual Studio Solution File, Format Version 12.00
# Visual Studio 2013
VisualStudioVersion = 12.0.31101.0
MinimumVisualStudioVersion = 10.0.40219.1
Project("{8BC9CEB8-8B4A-11D0-8D11-00A0C91BC942}") = "problem1", "problem1\problem1.vcxproj", "{E49F3BBD-B01D-49C1-B225-64754402D07D}"
EndProject
Project("{8BC9CEB8-8B4A-11D0-8D11-00A0C91BC942}") = "problem2", "problem2\problem2.vcxproj", "{83898C5C-B964-487F-81DD-DF7B750D34F2}"
EndProject
Project("{8BC9CEB8-8B4A-11D0-8D11-00A0C91BC942}") = "problem3", "problem3\problem3.vcxproj", "{FD7B328A-BC2A-4F42-B5DB-85349A18E39E}"
EndProject
Project("{8BC9CEB8-8B4A-11D0-8D11-00A0C91BC942}") = "problem4", "problem4\problem4.vcxproj", "{27EA0750-DB0F-41B2-A8AF-E1F50A0F7A4C}"
EndProject
Global
	GlobalSection(SolutionConfigurationPlatforms) = preSolution
		Debug|Win32 = Debug|Win32
		Release|Win32 = Release|Win32
	EndGlobalSection
	GlobalSection(ProjectConfigurationPlatforms) = postSolution
		{E49F3BBD-B01D-49C1-B225-64754402D07D}.Debug|Win32.ActiveCfg = Debug|Win32
		{E49F3BBD-B01D-49C1-B225-64754402D07D}.Debug|Win32.Build.0 = Debug|Win32
		{E49F3BBD-B01D-49C1-B225-64754402D07D}.Release|Win32.ActiveCfg = Release|Win32
		{E49F3BBD-B01D-49C1-B225-64754402D07D}.Release|Win32.Build.0 = Release|Win32
		{83898C5C-B964-487F-81DD-DF7B750D34F2}.Debug|Win32.ActiveCfg = Debug|Win32
		{83898C5C-B964-487F-81DD-DF7B750D34F2}.Debug|Win32.Build.0 = Debug|Win32
		{83898C5C-B964-487F-81DD-DF7B750D34F2}.Release|Win32.ActiveCfg = Release|Win32
		{83898C5C-B964-487F-81DD-DF7B750D34F2}.Release|Win32.Build.0 = Release|Win32
		{FD7B328A-BC2A-4F42-B5DB-85349A18E39E}.Debug|Win32.ActiveCfg = Debug|Win32
		{FD7B328A-BC2A-4F42-B5DB-85349A18E39E}.Debug|Win32.Build.0 = Debug|Win32
		{FD7B328A-BC2A-4F42-B5DB-85349A18E39E}.Release|Win32.ActiveCfg = Release|Win32
		{FD7B328A-BC2A-4F42-B5DB-85349A18E39E}.Release|Win32.Build.0 = Release|Win32
		{27EA0750-DB0F-41B2-A8AF-E1F50A0F7A4C}.Debug|Win32.ActiveCfg = Debug|Win32
		{27EA0750-DB0F-41B2-A8AF-E1F50A0F7A4C}.Debug|Win32.Build.0 = Debug|Win32
		{27EA0750-DB0F-41B2-A8AF-E1F50A0F7A4C}.Release|Win32.ActiveCfg = Release|Win32
		{27EA0750-DB0F-41B2-A8AF-E1F50A0F7A4C}.Release|Win32.Build.0 = Release|Win32
	EndGlobalSection
	GlobalSection(SolutionProperties) = preSolution
		HideSolutionNode = FALSE
	EndGlobalSection
EndGlobal
