<?xml version="1.0" encoding="utf-8"?>
<Project ToolsVersion="4.0" xmlns="http://schemas.microsoft.com/developer/msbuild/2003">
  <ItemGroup>
    <Filter Include="Source Files">
      <UniqueIdentifier>{4FC737F1-C7A5-4376-A066-2A32D752A2FF}</UniqueIdentifier>
      <Extensions>cpp;c;cc;cxx;def;odl;idl;hpj;bat;asm;asmx</Extensions>
    </Filter>
    <Filter Include="Framework">
      <UniqueIdentifier>{8cbd6c78-f957-4955-a0be-4c75146e8eca}</UniqueIdentifier>
    </Filter>
    <Filter Include="Nibble">
      <UniqueIdentifier>{b34d78e1-5142-4090-9de6-02aa7eabc689}</UniqueIdentifier>
    </Filter>
    <Filter Include="Monkey">
      <UniqueIdentifier>{8a4d611b-6169-4f9d-91d9-bba0ee26ab0e}</UniqueIdentifier>
    </Filter>
  </ItemGroup>
  <ItemGroup>
    <ClCompile Include="main.cpp">
      <Filter>Source Files</Filter>
    </ClCompile>
    <ClCompile Include="Framework\Failure.cpp">
      <Filter>Framework</Filter>
    </ClCompile>
    <ClCompile Include="Framework\SimpleString.cpp">
      <Filter>Framework</Filter>
    </ClCompile>
    <ClCompile Include="Framework\Test.cpp">
      <Filter>Framework</Filter>
    </ClCompile>
    <ClCompile Include="Framework\TestRegistry.cpp">
      <Filter>Framework</Filter>
    </ClCompile>
    <ClCompile Include="Framework\TestResult.cpp">
      <Filter>Framework</Filter>
    </ClCompile>
    <ClCompile Include="Framework\UnitTest.cpp">
      <Filter>Framework</Filter>
    </ClCompile>
    <ClCompile Include="Nibble.cpp">
      <Filter>Nibble</Filter>
    </ClCompile>
    <ClCompile Include="Nibble_tests.cpp">
      <Filter>Nibble</Filter>
    </ClCompile>
    <ClCompile Include="Monkey_tests.cpp">
      <Filter>Monkey</Filter>
    </ClCompile>
    <ClCompile Include="Monkey.cpp">
      <Filter>Monkey</Filter>
    </ClCompile>
  </ItemGroup>
  <ItemGroup>
    <ClInclude Include="Framework\TestRegistry.h">
      <Filter>Framework</Filter>
    </ClInclude>
    <ClInclude Include="Framework\UnitTest.h">
      <Filter>Framework</Filter>
    </ClInclude>
    <ClInclude Include="Nibble.h">
      <Filter>Nibble</Filter>
    </ClInclude>
    <ClInclude Include="Monkey.h">
      <Filter>Monkey</Filter>
    </ClInclude>
  </ItemGroup>
</Project>