<?xml version="1.0" encoding="utf-8"?>
<Project ToolsVersion="4.0" xmlns="http://schemas.microsoft.com/developer/msbuild/2003">
  <ItemGroup>
    <Filter Include="Source Files">
      <UniqueIdentifier>{4FC737F1-C7A5-4376-A066-2A32D752A2FF}</UniqueIdentifier>
      <Extensions>cpp;c;cc;cxx;def;odl;idl;hpj;bat;asm;asmx</Extensions>
    </Filter>
    <Filter Include="Do Not Modify">
      <UniqueIdentifier>{79a80fc5-759f-4d10-bcb8-2327e5dacad5}</UniqueIdentifier>
    </Filter>
    <Filter Include="Math">
      <UniqueIdentifier>{f5ddc9ce-5e64-4b62-85c9-aaef5e4ca1dc}</UniqueIdentifier>
    </Filter>
  </ItemGroup>
  <ItemGroup>
    <ClCompile Include="main.cpp">
      <Filter>Source Files</Filter>
    </ClCompile>
    <ClCompile Include="Particle.cpp">
      <Filter>Source Files</Filter>
    </ClCompile>
    <ClCompile Include="ParticleEmitter.cpp">
      <Filter>Source Files</Filter>
    </ClCompile>
    <ClCompile Include="DO_NOT_MODIFY\Event\WinEventHandler.cpp">
      <Filter>Do Not Modify</Filter>
    </ClCompile>
    <ClCompile Include="DO_NOT_MODIFY\OpenGL\WinOpenGLDevice.cpp">
      <Filter>Do Not Modify</Filter>
    </ClCompile>
    <ClCompile Include="DO_NOT_MODIFY\Timer\Timer.cpp">
      <Filter>Do Not Modify</Filter>
    </ClCompile>
    <ClCompile Include="Math\Matrix.cpp">
      <Filter>Math</Filter>
    </ClCompile>
    <ClCompile Include="Math\Vect4D.cpp">
      <Filter>Math</Filter>
    </ClCompile>
  </ItemGroup>
  <ItemGroup>
    <ClInclude Include="Particle.h">
      <Filter>Source Files</Filter>
    </ClInclude>
    <ClInclude Include="ParticleEmitter.h">
      <Filter>Source Files</Filter>
    </ClInclude>
    <ClInclude Include="Settings.h">
      <Filter>Source Files</Filter>
    </ClInclude>
    <ClInclude Include="DO_NOT_MODIFY\Event\EventHandler.h">
      <Filter>Do Not Modify</Filter>
    </ClInclude>
    <ClInclude Include="DO_NOT_MODIFY\Event\WinEventHandler.h">
      <Filter>Do Not Modify</Filter>
    </ClInclude>
    <ClInclude Include="DO_NOT_MODIFY\OpenGL\OpenGLInterface.h">
      <Filter>Do Not Modify</Filter>
    </ClInclude>
    <ClInclude Include="DO_NOT_MODIFY\OpenGL\WinOpenGLDevice.h">
      <Filter>Do Not Modify</Filter>
    </ClInclude>
    <ClInclude Include="DO_NOT_MODIFY\Timer\GlobalTimer.h">
      <Filter>Do Not Modify</Filter>
    </ClInclude>
    <ClInclude Include="DO_NOT_MODIFY\Timer\Timer.h">
      <Filter>Do Not Modify</Filter>
    </ClInclude>
    <ClInclude Include="Math\Enum.h">
      <Filter>Math</Filter>
    </ClInclude>
    <ClInclude Include="Math\Matrix.h">
      <Filter>Math</Filter>
    </ClInclude>
    <ClInclude Include="Math\Vect4D.h">
      <Filter>Math</Filter>
    </ClInclude>
  </ItemGroup>
</Project>