<?xml version="1.0" encoding="utf-8"?>
<Project ToolsVersion="4.0" xmlns="http://schemas.microsoft.com/developer/msbuild/2003">
  <ItemGroup>
    <Filter Include="Source Files">
      <UniqueIdentifier>{4FC737F1-C7A5-4376-A066-2A32D752A2FF}</UniqueIdentifier>
      <Extensions>cpp;c;cc;cxx;def;odl;idl;hpj;bat;asm;asmx</Extensions>
    </Filter>
    <Filter Include="Framework">
      <UniqueIdentifier>{63993838-c61f-4e63-a321-910ac4629688}</UniqueIdentifier>
    </Filter>
  </ItemGroup>
  <ItemGroup>
    <ClCompile Include="main.cpp">
      <Filter>Source Files</Filter>
    </ClCompile>
    <ClCompile Include="..\Framework\Failure.cpp">
      <Filter>Framework</Filter>
    </ClCompile>
    <ClCompile Include="..\Framework\SimpleString.cpp">
      <Filter>Framework</Filter>
    </ClCompile>
    <ClCompile Include="..\Framework\Test.cpp">
      <Filter>Framework</Filter>
    </ClCompile>
    <ClCompile Include="..\Framework\TestRegistry.cpp">
      <Filter>Framework</Filter>
    </ClCompile>
    <ClCompile Include="..\Framework\TestResult.cpp">
      <Filter>Framework</Filter>
    </ClCompile>
    <ClCompile Include="..\Framework\UnitTest.cpp">
      <Filter>Framework</Filter>
    </ClCompile>
    <ClCompile Include="CopyingStrings.cpp">
      <Filter>Source Files</Filter>
    </ClCompile>
    <ClCompile Include="ComparingStrings.cpp">
      <Filter>Source Files</Filter>
    </ClCompile>
    <ClCompile Include="LengthOfStrings.cpp">
      <Filter>Source Files</Filter>
    </ClCompile>
    <ClCompile Include="String_Tests.cpp">
      <Filter>Source Files</Filter>
    </ClCompile>
    <ClCompile Include="CopyToBuffer.cpp">
      <Filter>Source Files</Filter>
    </ClCompile>
    <ClCompile Include="SortStrings.cpp">
      <Filter>Source Files</Filter>
    </ClCompile>
  </ItemGroup>
  <ItemGroup>
    <ClInclude Include="..\Framework\SimpleString.h">
      <Filter>Framework</Filter>
    </ClInclude>
    <ClInclude Include="..\Framework\TestRegistry.h">
      <Filter>Framework</Filter>
    </ClInclude>
    <ClInclude Include="..\Framework\UnitTest.h">
      <Filter>Framework</Filter>
    </ClInclude>
    <ClInclude Include="CopyingStrings.h">
      <Filter>Source Files</Filter>
    </ClInclude>
    <ClInclude Include="ComparingStrings.h">
      <Filter>Source Files</Filter>
    </ClInclude>
    <ClInclude Include="LengthOfStrings.h">
      <Filter>Source Files</Filter>
    </ClInclude>
    <ClInclude Include="CopyToBuffer.h">
      <Filter>Source Files</Filter>
    </ClInclude>
    <ClInclude Include="SortStrings.h">
      <Filter>Source Files</Filter>
    </ClInclude>
  </ItemGroup>
</Project>